// !$*UTF8*$!
{
	archiveVersion = 1;
	classes = {
	};
	objectVersion = 52;
	objects = {

/* Begin PBXBuildFile section */
		4B62EF5723B6494800F27542 /* AppDelegate.swift in Sources */ = {isa = PBXBuildFile; fileRef = 4B62EF5623B6494800F27542 /* AppDelegate.swift */; };
		4B62EF5923B6494800F27542 /* SceneDelegate.swift in Sources */ = {isa = PBXBuildFile; fileRef = 4B62EF5823B6494800F27542 /* SceneDelegate.swift */; };
		4B62EF5B23B6494800F27542 /* ViewController.swift in Sources */ = {isa = PBXBuildFile; fileRef = 4B62EF5A23B6494800F27542 /* ViewController.swift */; };
		4B62EF5E23B6494800F27542 /* Main.storyboard in Resources */ = {isa = PBXBuildFile; fileRef = 4B62EF5C23B6494800F27542 /* Main.storyboard */; };
		4B62EF6023B6494B00F27542 /* Assets.xcassets in Resources */ = {isa = PBXBuildFile; fileRef = 4B62EF5F23B6494B00F27542 /* Assets.xcassets */; };
		4B62EF6323B6494B00F27542 /* LaunchScreen.storyboard in Resources */ = {isa = PBXBuildFile; fileRef = 4B62EF6123B6494B00F27542 /* LaunchScreen.storyboard */; };
		4B62EF6E23B6494B00F27542 /* SPMPlaygroundTests.swift in Sources */ = {isa = PBXBuildFile; fileRef = 4B62EF6D23B6494B00F27542 /* SPMPlaygroundTests.swift */; };
		4B62EF7A23B6495E00F27542 /* ViewController.swift in Sources */ = {isa = PBXBuildFile; fileRef = 4B62EF5A23B6494800F27542 /* ViewController.swift */; };
		4B62EF7B23B6495E00F27542 /* AppDelegate.swift in Sources */ = {isa = PBXBuildFile; fileRef = 4B62EF5623B6494800F27542 /* AppDelegate.swift */; };
		4B62EF7C23B6495E00F27542 /* SceneDelegate.swift in Sources */ = {isa = PBXBuildFile; fileRef = 4B62EF5823B6494800F27542 /* SceneDelegate.swift */; };
		4B62EF7F23B6495E00F27542 /* LaunchScreen.storyboard in Resources */ = {isa = PBXBuildFile; fileRef = 4B62EF6123B6494B00F27542 /* LaunchScreen.storyboard */; };
		4B62EF8023B6495E00F27542 /* Assets.xcassets in Resources */ = {isa = PBXBuildFile; fileRef = 4B62EF5F23B6494B00F27542 /* Assets.xcassets */; };
		4B62EF8123B6495E00F27542 /* Main.storyboard in Resources */ = {isa = PBXBuildFile; fileRef = 4B62EF5C23B6494800F27542 /* Main.storyboard */; };
		4B62EF8923B649CD00F27542 /* ReactiveSwift in Frameworks */ = {isa = PBXBuildFile; productRef = 4B62EF8823B649CD00F27542 /* ReactiveSwift */; };
		4B62EF8C23B64A8200F27542 /* ReactiveSwift in Frameworks */ = {isa = PBXBuildFile; productRef = 4B62EF8B23B64A8200F27542 /* ReactiveSwift */; };
/* End PBXBuildFile section */

/* Begin PBXContainerItemProxy section */
		4B62EF6A23B6494B00F27542 /* PBXContainerItemProxy */ = {
			isa = PBXContainerItemProxy;
			containerPortal = 4B62EF4B23B6494800F27542 /* Project object */;
			proxyType = 1;
			remoteGlobalIDString = 4B62EF5223B6494800F27542;
			remoteInfo = SPMPlayground;
		};
/* End PBXContainerItemProxy section */

/* Begin PBXFileReference section */
		4B62EF5323B6494800F27542 /* SPMPlayground.app */ = {isa = PBXFileReference; explicitFileType = wrapper.application; includeInIndex = 0; path = SPMPlayground.app; sourceTree = BUILT_PRODUCTS_DIR; };
		4B62EF5623B6494800F27542 /* AppDelegate.swift */ = {isa = PBXFileReference; lastKnownFileType = sourcecode.swift; path = AppDelegate.swift; sourceTree = "<group>"; };
		4B62EF5823B6494800F27542 /* SceneDelegate.swift */ = {isa = PBXFileReference; lastKnownFileType = sourcecode.swift; path = SceneDelegate.swift; sourceTree = "<group>"; };
		4B62EF5A23B6494800F27542 /* ViewController.swift */ = {isa = PBXFileReference; lastKnownFileType = sourcecode.swift; path = ViewController.swift; sourceTree = "<group>"; };
		4B62EF5D23B6494800F27542 /* Base */ = {isa = PBXFileReference; lastKnownFileType = file.storyboard; name = Base; path = Base.lproj/Main.storyboard; sourceTree = "<group>"; };
		4B62EF5F23B6494B00F27542 /* Assets.xcassets */ = {isa = PBXFileReference; lastKnownFileType = folder.assetcatalog; path = Assets.xcassets; sourceTree = "<group>"; };
		4B62EF6223B6494B00F27542 /* Base */ = {isa = PBXFileReference; lastKnownFileType = file.storyboard; name = Base; path = Base.lproj/LaunchScreen.storyboard; sourceTree = "<group>"; };
		4B62EF6423B6494B00F27542 /* Info.plist */ = {isa = PBXFileReference; lastKnownFileType = text.plist.xml; path = Info.plist; sourceTree = "<group>"; };
		4B62EF6923B6494B00F27542 /* SPMPlaygroundTests.xctest */ = {isa = PBXFileReference; explicitFileType = wrapper.cfbundle; includeInIndex = 0; path = SPMPlaygroundTests.xctest; sourceTree = BUILT_PRODUCTS_DIR; };
		4B62EF6D23B6494B00F27542 /* SPMPlaygroundTests.swift */ = {isa = PBXFileReference; lastKnownFileType = sourcecode.swift; path = SPMPlaygroundTests.swift; sourceTree = "<group>"; };
		4B62EF6F23B6494B00F27542 /* Info.plist */ = {isa = PBXFileReference; lastKnownFileType = text.plist.xml; path = Info.plist; sourceTree = "<group>"; };
		4B62EF8523B6495E00F27542 /* SPMPlaygroundDebugServer.app */ = {isa = PBXFileReference; explicitFileType = wrapper.application; includeInIndex = 0; path = SPMPlaygroundDebugServer.app; sourceTree = BUILT_PRODUCTS_DIR; };
		4B62EF8623B6495E00F27542 /* SPMPlayground copy-Info.plist */ = {isa = PBXFileReference; lastKnownFileType = text.plist.xml; name = "SPMPlayground copy-Info.plist"; path = "/Users/petr/Documents/Development/Xcode/SPMPlayground/SPMPlayground copy-Info.plist"; sourceTree = "<absolute>"; };
/* End PBXFileReference section */

/* Begin PBXFrameworksBuildPhase section */
		4B62EF5023B6494800F27542 /* Frameworks */ = {
			isa = PBXFrameworksBuildPhase;
			buildActionMask = 2147483647;
			files = (
				4B62EF8923B649CD00F27542 /* ReactiveSwift in Frameworks */,
			);
			runOnlyForDeploymentPostprocessing = 0;
		};
		4B62EF6623B6494B00F27542 /* Frameworks */ = {
			isa = PBXFrameworksBuildPhase;
			buildActionMask = 2147483647;
			files = (
			);
			runOnlyForDeploymentPostprocessing = 0;
		};
		4B62EF7D23B6495E00F27542 /* Frameworks */ = {
			isa = PBXFrameworksBuildPhase;
			buildActionMask = 2147483647;
			files = (
				4B62EF8C23B64A8200F27542 /* ReactiveSwift in Frameworks */,
			);
			runOnlyForDeploymentPostprocessing = 0;
		};
/* End PBXFrameworksBuildPhase section */

/* Begin PBXGroup section */
		4B62EF4A23B6494800F27542 = {
			isa = PBXGroup;
			children = (
				4B62EF5523B6494800F27542 /* SPMPlayground */,
				4B62EF6C23B6494B00F27542 /* SPMPlaygroundTests */,
				4B62EF5423B6494800F27542 /* Products */,
				4B62EF8623B6495E00F27542 /* SPMPlayground copy-Info.plist */,
				4B62EF8A23B64A8200F27542 /* Frameworks */,
			);
			sourceTree = "<group>";
		};
		4B62EF5423B6494800F27542 /* Products */ = {
			isa = PBXGroup;
			children = (
				4B62EF5323B6494800F27542 /* SPMPlayground.app */,
				4B62EF6923B6494B00F27542 /* SPMPlaygroundTests.xctest */,
				4B62EF8523B6495E00F27542 /* SPMPlaygroundDebugServer.app */,
			);
			name = Products;
			sourceTree = "<group>";
		};
		4B62EF5523B6494800F27542 /* SPMPlayground */ = {
			isa = PBXGroup;
			children = (
				4B62EF5623B6494800F27542 /* AppDelegate.swift */,
				4B62EF5823B6494800F27542 /* SceneDelegate.swift */,
				4B62EF5A23B6494800F27542 /* ViewController.swift */,
				4B62EF5C23B6494800F27542 /* Main.storyboard */,
				4B62EF5F23B6494B00F27542 /* Assets.xcassets */,
				4B62EF6123B6494B00F27542 /* LaunchScreen.storyboard */,
				4B62EF6423B6494B00F27542 /* Info.plist */,
			);
			path = SPMPlayground;
			sourceTree = "<group>";
		};
		4B62EF6C23B6494B00F27542 /* SPMPlaygroundTests */ = {
			isa = PBXGroup;
			children = (
				4B62EF6D23B6494B00F27542 /* SPMPlaygroundTests.swift */,
				4B62EF6F23B6494B00F27542 /* Info.plist */,
			);
			path = SPMPlaygroundTests;
			sourceTree = "<group>";
		};
		4B62EF8A23B64A8200F27542 /* Frameworks */ = {
			isa = PBXGroup;
			children = (
			);
			name = Frameworks;
			sourceTree = "<group>";
		};
/* End PBXGroup section */

/* Begin PBXNativeTarget section */
		4B62EF5223B6494800F27542 /* SPMPlayground */ = {
			isa = PBXNativeTarget;
			buildConfigurationList = 4B62EF7223B6494B00F27542 /* Build configuration list for PBXNativeTarget "SPMPlayground" */;
			buildPhases = (
				4B62EF4F23B6494800F27542 /* Sources */,
				4B62EF5023B6494800F27542 /* Frameworks */,
				4B62EF5123B6494800F27542 /* Resources */,
			);
			buildRules = (
			);
			dependencies = (
			);
			name = SPMPlayground;
			packageProductDependencies = (
				4B62EF8823B649CD00F27542 /* ReactiveSwift */,
			);
			productName = SPMPlayground;
			productReference = 4B62EF5323B6494800F27542 /* SPMPlayground.app */;
			productType = "com.apple.product-type.application";
		};
		4B62EF6823B6494B00F27542 /* SPMPlaygroundTests */ = {
			isa = PBXNativeTarget;
			buildConfigurationList = 4B62EF7523B6494B00F27542 /* Build configuration list for PBXNativeTarget "SPMPlaygroundTests" */;
			buildPhases = (
				4B62EF6523B6494B00F27542 /* Sources */,
				4B62EF6623B6494B00F27542 /* Frameworks */,
				4B62EF6723B6494B00F27542 /* Resources */,
			);
			buildRules = (
			);
			dependencies = (
				4B62EF6B23B6494B00F27542 /* PBXTargetDependency */,
			);
			name = SPMPlaygroundTests;
			productName = SPMPlaygroundTests;
			productReference = 4B62EF6923B6494B00F27542 /* SPMPlaygroundTests.xctest */;
			productType = "com.apple.product-type.bundle.unit-test";
		};
		4B62EF7823B6495E00F27542 /* SPMPlaygroundDebugServer */ = {
			isa = PBXNativeTarget;
			buildConfigurationList = 4B62EF8223B6495E00F27542 /* Build configuration list for PBXNativeTarget "SPMPlaygroundDebugServer" */;
			buildPhases = (
				4B62EF7923B6495E00F27542 /* Sources */,
				4B62EF7D23B6495E00F27542 /* Frameworks */,
				4B62EF7E23B6495E00F27542 /* Resources */,
			);
			buildRules = (
			);
			dependencies = (
			);
			name = SPMPlaygroundDebugServer;
			packageProductDependencies = (
				4B62EF8B23B64A8200F27542 /* ReactiveSwift */,
			);
			productName = SPMPlayground;
			productReference = 4B62EF8523B6495E00F27542 /* SPMPlaygroundDebugServer.app */;
			productType = "com.apple.product-type.application";
		};
/* End PBXNativeTarget section */

/* Begin PBXProject section */
		4B62EF4B23B6494800F27542 /* Project object */ = {
			isa = PBXProject;
			attributes = {
				LastSwiftUpdateCheck = 1130;
				LastUpgradeCheck = 1130;
				ORGANIZATIONNAME = "Petr Pavlik";
				TargetAttributes = {
					4B62EF5223B6494800F27542 = {
						CreatedOnToolsVersion = 11.3;
					};
					4B62EF6823B6494B00F27542 = {
						CreatedOnToolsVersion = 11.3;
						TestTargetID = 4B62EF5223B6494800F27542;
					};
				};
			};
			buildConfigurationList = 4B62EF4E23B6494800F27542 /* Build configuration list for PBXProject "SPMPlayground" */;
			compatibilityVersion = "Xcode 9.3";
			developmentRegion = en;
			hasScannedForEncodings = 0;
			knownRegions = (
				en,
				Base,
			);
			mainGroup = 4B62EF4A23B6494800F27542;
			packageReferences = (
				4B62EF8723B649CD00F27542 /* XCRemoteSwiftPackageReference "ReactiveSwift" */,
			);
			productRefGroup = 4B62EF5423B6494800F27542 /* Products */;
			projectDirPath = "";
			projectRoot = "";
			targets = (
				4B62EF5223B6494800F27542 /* SPMPlayground */,
				4B62EF6823B6494B00F27542 /* SPMPlaygroundTests */,
				4B62EF7823B6495E00F27542 /* SPMPlaygroundDebugServer */,
			);
		};
/* End PBXProject section */

/* Begin PBXResourcesBuildPhase section */
		4B62EF5123B6494800F27542 /* Resources */ = {
			isa = PBXResourcesBuildPhase;
			buildActionMask = 2147483647;
			files = (
				4B62EF6323B6494B00F27542 /* LaunchScreen.storyboard in Resources */,
				4B62EF6023B6494B00F27542 /* Assets.xcassets in Resources */,
				4B62EF5E23B6494800F27542 /* Main.storyboard in Resources */,
			);
			runOnlyForDeploymentPostprocessing = 0;
		};
		4B62EF6723B6494B00F27542 /* Resources */ = {
			isa = PBXResourcesBuildPhase;
			buildActionMask = 2147483647;
			files = (
			);
			runOnlyForDeploymentPostprocessing = 0;
		};
		4B62EF7E23B6495E00F27542 /* Resources */ = {
			isa = PBXResourcesBuildPhase;
			buildActionMask = 2147483647;
			files = (
				4B62EF7F23B6495E00F27542 /* LaunchScreen.storyboard in Resources */,
				4B62EF8023B6495E00F27542 /* Assets.xcassets in Resources */,
				4B62EF8123B6495E00F27542 /* Main.storyboard in Resources */,
			);
			runOnlyForDeploymentPostprocessing = 0;
		};
/* End PBXResourcesBuildPhase section */

/* Begin PBXSourcesBuildPhase section */
		4B62EF4F23B6494800F27542 /* Sources */ = {
			isa = PBXSourcesBuildPhase;
			buildActionMask = 2147483647;
			files = (
				4B62EF5B23B6494800F27542 /* ViewController.swift in Sources */,
				4B62EF5723B6494800F27542 /* AppDelegate.swift in Sources */,
				4B62EF5923B6494800F27542 /* SceneDelegate.swift in Sources */,
			);
			runOnlyForDeploymentPostprocessing = 0;
		};
		4B62EF6523B6494B00F27542 /* Sources */ = {
			isa = PBXSourcesBuildPhase;
			buildActionMask = 2147483647;
			files = (
				4B62EF6E23B6494B00F27542 /* SPMPlaygroundTests.swift in Sources */,
			);
			runOnlyForDeploymentPostprocessing = 0;
		};
		4B62EF7923B6495E00F27542 /* Sources */ = {
			isa = PBXSourcesBuildPhase;
			buildActionMask = 2147483647;
			files = (
				4B62EF7A23B6495E00F27542 /* ViewController.swift in Sources */,
				4B62EF7B23B6495E00F27542 /* AppDelegate.swift in Sources */,
				4B62EF7C23B6495E00F27542 /* SceneDelegate.swift in Sources */,
			);
			runOnlyForDeploymentPostprocessing = 0;
		};
/* End PBXSourcesBuildPhase section */

/* Begin PBXTargetDependency section */
		4B62EF6B23B6494B00F27542 /* PBXTargetDependency */ = {
			isa = PBXTargetDependency;
			target = 4B62EF5223B6494800F27542 /* SPMPlayground */;
			targetProxy = 4B62EF6A23B6494B00F27542 /* PBXContainerItemProxy */;
		};
/* End PBXTargetDependency section */

/* Begin PBXVariantGroup section */
		4B62EF5C23B6494800F27542 /* Main.storyboard */ = {
			isa = PBXVariantGroup;
			children = (
				4B62EF5D23B6494800F27542 /* Base */,
			);
			name = Main.storyboard;
			sourceTree = "<group>";
		};
		4B62EF6123B6494B00F27542 /* LaunchScreen.storyboard */ = {
			isa = PBXVariantGroup;
			children = (
				4B62EF6223B6494B00F27542 /* Base */,
			);
			name = LaunchScreen.storyboard;
			sourceTree = "<group>";
		};
/* End PBXVariantGroup section */

/* Begin XCBuildConfiguration section */
		4B62EF7023B6494B00F27542 /* Debug */ = {
			isa = XCBuildConfiguration;
			buildSettings = {
				ALWAYS_SEARCH_USER_PATHS = NO;
				CLANG_ANALYZER_NONNULL = YES;
				CLANG_ANALYZER_NUMBER_OBJECT_CONVERSION = YES_AGGRESSIVE;
				CLANG_CXX_LANGUAGE_STANDARD = "gnu++14";
				CLANG_CXX_LIBRARY = "libc++";
				CLANG_ENABLE_MODULES = YES;
				CLANG_ENABLE_OBJC_ARC = YES;
				CLANG_ENABLE_OBJC_WEAK = YES;
				CLANG_WARN_BLOCK_CAPTURE_AUTORELEASING = YES;
				CLANG_WARN_BOOL_CONVERSION = YES;
				CLANG_WARN_COMMA = YES;
				CLANG_WARN_CONSTANT_CONVERSION = YES;
				CLANG_WARN_DEPRECATED_OBJC_IMPLEMENTATIONS = YES;
				CLANG_WARN_DIRECT_OBJC_ISA_USAGE = YES_ERROR;
				CLANG_WARN_DOCUMENTATION_COMMENTS = YES;
				CLANG_WARN_EMPTY_BODY = YES;
				CLANG_WARN_ENUM_CONVERSION = YES;
				CLANG_WARN_INFINITE_RECURSION = YES;
				CLANG_WARN_INT_CONVERSION = YES;
				CLANG_WARN_NON_LITERAL_NULL_CONVERSION = YES;
				CLANG_WARN_OBJC_IMPLICIT_RETAIN_SELF = YES;
				CLANG_WARN_OBJC_LITERAL_CONVERSION = YES;
				CLANG_WARN_OBJC_ROOT_CLASS = YES_ERROR;
				CLANG_WARN_RANGE_LOOP_ANALYSIS = YES;
				CLANG_WARN_STRICT_PROTOTYPES = YES;
				CLANG_WARN_SUSPICIOUS_MOVE = YES;
				CLANG_WARN_UNGUARDED_AVAILABILITY = YES_AGGRESSIVE;
				CLANG_WARN_UNREACHABLE_CODE = YES;
				CLANG_WARN__DUPLICATE_METHOD_MATCH = YES;
				COPY_PHASE_STRIP = NO;
				DEBUG_INFORMATION_FORMAT = dwarf;
				ENABLE_STRICT_OBJC_MSGSEND = YES;
				ENABLE_TESTABILITY = YES;
				GCC_C_LANGUAGE_STANDARD = gnu11;
				GCC_DYNAMIC_NO_PIC = NO;
				GCC_NO_COMMON_BLOCKS = YES;
				GCC_OPTIMIZATION_LEVEL = 0;
				GCC_PREPROCESSOR_DEFINITIONS = (
					"DEBUG=1",
					"$(inherited)",
				);
				GCC_WARN_64_TO_32_BIT_CONVERSION = YES;
				GCC_WARN_ABOUT_RETURN_TYPE = YES_ERROR;
				GCC_WARN_UNDECLARED_SELECTOR = YES;
				GCC_WARN_UNINITIALIZED_AUTOS = YES_AGGRESSIVE;
				GCC_WARN_UNUSED_FUNCTION = YES;
				GCC_WARN_UNUSED_VARIABLE = YES;
				IPHONEOS_DEPLOYMENT_TARGET = 13.2;
				MTL_ENABLE_DEBUG_INFO = INCLUDE_SOURCE;
				MTL_FAST_MATH = YES;
				ONLY_ACTIVE_ARCH = YES;
				SDKROOT = iphoneos;
				SWIFT_ACTIVE_COMPILATION_CONDITIONS = DEBUG;
				SWIFT_OPTIMIZATION_LEVEL = "-Onone";
			};
			name = Debug;
		};
		4B62EF7123B6494B00F27542 /* Release */ = {
			isa = XCBuildConfiguration;
			buildSettings = {
				ALWAYS_SEARCH_USER_PATHS = NO;
				CLANG_ANALYZER_NONNULL = YES;
				CLANG_ANALYZER_NUMBER_OBJECT_CONVERSION = YES_AGGRESSIVE;
				CLANG_CXX_LANGUAGE_STANDARD = "gnu++14";
				CLANG_CXX_LIBRARY = "libc++";
				CLANG_ENABLE_MODULES = YES;
				CLANG_ENABLE_OBJC_ARC = YES;
				CLANG_ENABLE_OBJC_WEAK = YES;
				CLANG_WARN_BLOCK_CAPTURE_AUTORELEASING = YES;
				CLANG_WARN_BOOL_CONVERSION = YES;
				CLANG_WARN_COMMA = YES;
				CLANG_WARN_CONSTANT_CONVERSION = YES;
				CLANG_WARN_DEPRECATED_OBJC_IMPLEMENTATIONS = YES;
				CLANG_WARN_DIRECT_OBJC_ISA_USAGE = YES_ERROR;
				CLANG_WARN_DOCUMENTATION_COMMENTS = YES;
				CLANG_WARN_EMPTY_BODY = YES;
				CLANG_WARN_ENUM_CONVERSION = YES;
				CLANG_WARN_INFINITE_RECURSION = YES;
				CLANG_WARN_INT_CONVERSION = YES;
				CLANG_WARN_NON_LITERAL_NULL_CONVERSION = YES;
				CLANG_WARN_OBJC_IMPLICIT_RETAIN_SELF = YES;
				CLANG_WARN_OBJC_LITERAL_CONVERSION = YES;
				CLANG_WARN_OBJC_ROOT_CLASS = YES_ERROR;
				CLANG_WARN_RANGE_LOOP_ANALYSIS = YES;
				CLANG_WARN_STRICT_PROTOTYPES = YES;
				CLANG_WARN_SUSPICIOUS_MOVE = YES;
				CLANG_WARN_UNGUARDED_AVAILABILITY = YES_AGGRESSIVE;
				CLANG_WARN_UNREACHABLE_CODE = YES;
				CLANG_WARN__DUPLICATE_METHOD_MATCH = YES;
				COPY_PHASE_STRIP = NO;
				DEBUG_INFORMATION_FORMAT = "dwarf-with-dsym";
				ENABLE_NS_ASSERTIONS = NO;
				ENABLE_STRICT_OBJC_MSGSEND = YES;
				GCC_C_LANGUAGE_STANDARD = gnu11;
				GCC_NO_COMMON_BLOCKS = YES;
				GCC_WARN_64_TO_32_BIT_CONVERSION = YES;
				GCC_WARN_ABOUT_RETURN_TYPE = YES_ERROR;
				GCC_WARN_UNDECLARED_SELECTOR = YES;
				GCC_WARN_UNINITIALIZED_AUTOS = YES_AGGRESSIVE;
				GCC_WARN_UNUSED_FUNCTION = YES;
				GCC_WARN_UNUSED_VARIABLE = YES;
				IPHONEOS_DEPLOYMENT_TARGET = 13.2;
				MTL_ENABLE_DEBUG_INFO = NO;
				MTL_FAST_MATH = YES;
				SDKROOT = iphoneos;
				SWIFT_COMPILATION_MODE = wholemodule;
				SWIFT_OPTIMIZATION_LEVEL = "-O";
				VALIDATE_PRODUCT = YES;
			};
			name = Release;
		};
		4B62EF7323B6494B00F27542 /* Debug */ = {
			isa = XCBuildConfiguration;
			buildSettings = {
				ASSETCATALOG_COMPILER_APPICON_NAME = AppIcon;
				CODE_SIGN_STYLE = Automatic;
				INFOPLIST_FILE = SPMPlayground/Info.plist;
				LD_RUNPATH_SEARCH_PATHS = (
					"$(inherited)",
					"@executable_path/Frameworks",
				);
				PRODUCT_BUNDLE_IDENTIFIER = me.petrpavlik.SPMPlayground;
				PRODUCT_NAME = "$(TARGET_NAME)";
				SWIFT_VERSION = 5.0;
				TARGETED_DEVICE_FAMILY = "1,2";
			};
			name = Debug;
		};
		4B62EF7423B6494B00F27542 /* Release */ = {
			isa = XCBuildConfiguration;
			buildSettings = {
				ASSETCATALOG_COMPILER_APPICON_NAME = AppIcon;
				CODE_SIGN_STYLE = Automatic;
				INFOPLIST_FILE = SPMPlayground/Info.plist;
				LD_RUNPATH_SEARCH_PATHS = (
					"$(inherited)",
					"@executable_path/Frameworks",
				);
				PRODUCT_BUNDLE_IDENTIFIER = me.petrpavlik.SPMPlayground;
				PRODUCT_NAME = "$(TARGET_NAME)";
				SWIFT_VERSION = 5.0;
				TARGETED_DEVICE_FAMILY = "1,2";
			};
			name = Release;
		};
		4B62EF7623B6494B00F27542 /* Debug */ = {
			isa = XCBuildConfiguration;
			buildSettings = {
				ALWAYS_EMBED_SWIFT_STANDARD_LIBRARIES = YES;
				BUNDLE_LOADER = "$(TEST_HOST)";
				CODE_SIGN_STYLE = Automatic;
				INFOPLIST_FILE = SPMPlaygroundTests/Info.plist;
				IPHONEOS_DEPLOYMENT_TARGET = 13.2;
				LD_RUNPATH_SEARCH_PATHS = (
					"$(inherited)",
					"@executable_path/Frameworks",
					"@loader_path/Frameworks",
				);
				PRODUCT_BUNDLE_IDENTIFIER = me.petrpavlik.SPMPlaygroundTests;
				PRODUCT_NAME = "$(TARGET_NAME)";
				SWIFT_VERSION = 5.0;
				TARGETED_DEVICE_FAMILY = "1,2";
				TEST_HOST = "$(BUILT_PRODUCTS_DIR)/SPMPlayground.app/SPMPlayground";
			};
			name = Debug;
		};
		4B62EF7723B6494B00F27542 /* Release */ = {
			isa = XCBuildConfiguration;
			buildSettings = {
				ALWAYS_EMBED_SWIFT_STANDARD_LIBRARIES = YES;
				BUNDLE_LOADER = "$(TEST_HOST)";
				CODE_SIGN_STYLE = Automatic;
				INFOPLIST_FILE = SPMPlaygroundTests/Info.plist;
				IPHONEOS_DEPLOYMENT_TARGET = 13.2;
				LD_RUNPATH_SEARCH_PATHS = (
					"$(inherited)",
					"@executable_path/Frameworks",
					"@loader_path/Frameworks",
				);
				PRODUCT_BUNDLE_IDENTIFIER = me.petrpavlik.SPMPlaygroundTests;
				PRODUCT_NAME = "$(TARGET_NAME)";
				SWIFT_VERSION = 5.0;
				TARGETED_DEVICE_FAMILY = "1,2";
				TEST_HOST = "$(BUILT_PRODUCTS_DIR)/SPMPlayground.app/SPMPlayground";
			};
			name = Release;
		};
		4B62EF8323B6495E00F27542 /* Debug */ = {
			isa = XCBuildConfiguration;
			buildSettings = {
				ASSETCATALOG_COMPILER_APPICON_NAME = AppIcon;
				CODE_SIGN_STYLE = Automatic;
				INFOPLIST_FILE = "SPMPlayground copy-Info.plist";
				LD_RUNPATH_SEARCH_PATHS = (
					"$(inherited)",
					"@executable_path/Frameworks",
				);
				PRODUCT_BUNDLE_IDENTIFIER = me.petrpavlik.SPMPlayground;
				PRODUCT_NAME = "$(TARGET_NAME)";
				SWIFT_VERSION = 5.0;
				TARGETED_DEVICE_FAMILY = "1,2";
			};
			name = Debug;
		};
		4B62EF8423B6495E00F27542 /* Release */ = {
			isa = XCBuildConfiguration;
			buildSettings = {
				ASSETCATALOG_COMPILER_APPICON_NAME = AppIcon;
				CODE_SIGN_STYLE = Automatic;
				INFOPLIST_FILE = "SPMPlayground copy-Info.plist";
				LD_RUNPATH_SEARCH_PATHS = (
					"$(inherited)",
					"@executable_path/Frameworks",
				);
				PRODUCT_BUNDLE_IDENTIFIER = me.petrpavlik.SPMPlayground;
				PRODUCT_NAME = "$(TARGET_NAME)";
				SWIFT_VERSION = 5.0;
				TARGETED_DEVICE_FAMILY = "1,2";
			};
			name = Release;
		};
/* End XCBuildConfiguration section */

/* Begin XCConfigurationList section */
		4B62EF4E23B6494800F27542 /* Build configuration list for PBXProject "SPMPlayground" */ = {
			isa = XCConfigurationList;
			buildConfigurations = (
				4B62EF7023B6494B00F27542 /* Debug */,
				4B62EF7123B6494B00F27542 /* Release */,
			);
			defaultConfigurationIsVisible = 0;
			defaultConfigurationName = Release;
		};
		4B62EF7223B6494B00F27542 /* Build configuration list for PBXNativeTarget "SPMPlayground" */ = {
			isa = XCConfigurationList;
			buildConfigurations = (
				4B62EF7323B6494B00F27542 /* Debug */,
				4B62EF7423B6494B00F27542 /* Release */,
			);
			defaultConfigurationIsVisible = 0;
			defaultConfigurationName = Release;
		};
		4B62EF7523B6494B00F27542 /* Build configuration list for PBXNativeTarget "SPMPlaygroundTests" */ = {
			isa = XCConfigurationList;
			buildConfigurations = (
				4B62EF7623B6494B00F27542 /* Debug */,
				4B62EF7723B6494B00F27542 /* Release */,
			);
			defaultConfigurationIsVisible = 0;
			defaultConfigurationName = Release;
		};
		4B62EF8223B6495E00F27542 /* Build configuration list for PBXNativeTarget "SPMPlaygroundDebugServer" */ = {
			isa = XCConfigurationList;
			buildConfigurations = (
				4B62EF8323B6495E00F27542 /* Debug */,
				4B62EF8423B6495E00F27542 /* Release */,
			);
			defaultConfigurationIsVisible = 0;
			defaultConfigurationName = Release;
		};
/* End XCConfigurationList section */

/* Begin XCRemoteSwiftPackageReference section */
		4B62EF8723B649CD00F27542 /* XCRemoteSwiftPackageReference "ReactiveSwift" */ = {
			isa = XCRemoteSwiftPackageReference;
			repositoryURL = "https://github.com/ReactiveCocoa/ReactiveSwift";
			requirement = {
				kind = upToNextMajorVersion;
				minimumVersion = 6.1.0;
			};
		};
/* End XCRemoteSwiftPackageReference section */

/* Begin XCSwiftPackageProductDependency section */
		4B62EF8823B649CD00F27542 /* ReactiveSwift */ = {
			isa = XCSwiftPackageProductDependency;
			package = 4B62EF8723B649CD00F27542 /* XCRemoteSwiftPackageReference "ReactiveSwift" */;
			productName = ReactiveSwift;
		};
		4B62EF8B23B64A8200F27542 /* ReactiveSwift */ = {
			isa = XCSwiftPackageProductDependency;
			package = 4B62EF8723B649CD00F27542 /* XCRemoteSwiftPackageReference "ReactiveSwift" */;
			productName = ReactiveSwift;
		};
/* End XCSwiftPackageProductDependency section */
	};
	rootObject = 4B62EF4B23B6494800F27542 /* Project object */;
}
